// !$*UTF8*$!
{
	archiveVersion = 1;
	classes = {
	};
	objectVersion = 46;
	objects = {

/* Begin PBXBuildFile section */
		AE92C7A81EC7B51E0062330C /* StartScenen.sks in Resources */ = {isa = PBXBuildFile; fileRef = AE92C7A71EC7B51E0062330C /* StartScenen.sks */; };
		AE92C7B01EC8574F0062330C /* Torpedo.swift in Sources */ = {isa = PBXBuildFile; fileRef = AE92C7AF1EC8574F0062330C /* Torpedo.swift */; };
		AE92C7B41EC991060062330C /* StartGameViewController.swift in Sources */ = {isa = PBXBuildFile; fileRef = AE92C7B11EC991060062330C /* StartGameViewController.swift */; };
		AE92C7B51EC991060062330C /* StartScene.swift in Sources */ = {isa = PBXBuildFile; fileRef = AE92C7B21EC991060062330C /* StartScene.swift */; };
		AE92C7DE1ECD6EE10062330C /* Player.swift in Sources */ = {isa = PBXBuildFile; fileRef = AE92C7DD1ECD6EE10062330C /* Player.swift */; };
		AE92C7E01ECD6FE70062330C /* Settings.swift in Sources */ = {isa = PBXBuildFile; fileRef = AE92C7DF1ECD6FE70062330C /* Settings.swift */; };
		AE92C7E21ECD71760062330C /* Bombs.swift in Sources */ = {isa = PBXBuildFile; fileRef = AE92C7E11ECD71760062330C /* Bombs.swift */; };
		AE92C7E41ECD741C0062330C /* BombExplosion.sks in Resources */ = {isa = PBXBuildFile; fileRef = AE92C7E31ECD741C0062330C /* BombExplosion.sks */; };
		AE9425C51F05741A0017A27C /* Laser_Shoot4.wav in Resources */ = {isa = PBXBuildFile; fileRef = AE9425C41F05741A0017A27C /* Laser_Shoot4.wav */; };
		AE9FE244219DBE5600C74695 /* Starfield.sks in Resources */ = {isa = PBXBuildFile; fileRef = AE9FE241219DBE5500C74695 /* Starfield.sks */; };
		AE9FE245219DBE5600C74695 /* Starfield2.sks in Resources */ = {isa = PBXBuildFile; fileRef = AE9FE242219DBE5600C74695 /* Starfield2.sks */; };
		AE9FE246219DBE5600C74695 /* Explosion.sks in Resources */ = {isa = PBXBuildFile; fileRef = AE9FE243219DBE5600C74695 /* Explosion.sks */; };
		AEB367921ED2116D004BA9D1 /* music.mp3 in Resources */ = {isa = PBXBuildFile; fileRef = AEB367911ED2116D004BA9D1 /* music.mp3 */; };
		AEB367941ED21724004BA9D1 /* soloSpaceOst.mp3 in Resources */ = {isa = PBXBuildFile; fileRef = AEB367931ED21724004BA9D1 /* soloSpaceOst.mp3 */; };
		AEB367961ED2D3A6004BA9D1 /* GameData.swift in Sources */ = {isa = PBXBuildFile; fileRef = AEB367951ED2D3A6004BA9D1 /* GameData.swift */; };
		AEB7D2A31FA8D43C00B93A9D /* SoloSpaceTests.swift in Sources */ = {isa = PBXBuildFile; fileRef = AEB7D2A21FA8D43C00B93A9D /* SoloSpaceTests.swift */; };
		AEC297801EE5859B004E7D47 /* pew.wav in Resources */ = {isa = PBXBuildFile; fileRef = AEC2977F1EE5859B004E7D47 /* pew.wav */; };
		AEC297841EE58BD2004E7D47 /* pow.wav in Resources */ = {isa = PBXBuildFile; fileRef = AEC297811EE58BD2004E7D47 /* pow.wav */; };
		AEC297851EE58BD2004E7D47 /* select.wav in Resources */ = {isa = PBXBuildFile; fileRef = AEC297821EE58BD2004E7D47 /* select.wav */; };
		AEC297861EE58BD2004E7D47 /* exp.wav in Resources */ = {isa = PBXBuildFile; fileRef = AEC297831EE58BD2004E7D47 /* exp.wav */; };
		AEDAE3271FB066D700590489 /* Aliens.swift in Sources */ = {isa = PBXBuildFile; fileRef = AEF45F751EC4345F00C0D62D /* Aliens.swift */; };
		AEF45F1D1EBD299300C0D62D /* AppDelegate.swift in Sources */ = {isa = PBXBuildFile; fileRef = AEF45F1C1EBD299300C0D62D /* AppDelegate.swift */; };
		AEF45F1F1EBD299300C0D62D /* GameScene.sks in Resources */ = {isa = PBXBuildFile; fileRef = AEF45F1E1EBD299300C0D62D /* GameScene.sks */; };
		AEF45F211EBD299300C0D62D /* Actions.sks in Resources */ = {isa = PBXBuildFile; fileRef = AEF45F201EBD299300C0D62D /* Actions.sks */; };
		AEF45F231EBD299300C0D62D /* GameScene.swift in Sources */ = {isa = PBXBuildFile; fileRef = AEF45F221EBD299300C0D62D /* GameScene.swift */; };
		AEF45F251EBD299300C0D62D /* GameViewController.swift in Sources */ = {isa = PBXBuildFile; fileRef = AEF45F241EBD299300C0D62D /* GameViewController.swift */; };
		AEF45F281EBD299300C0D62D /* Main.storyboard in Resources */ = {isa = PBXBuildFile; fileRef = AEF45F261EBD299300C0D62D /* Main.storyboard */; };
		AEF45F2D1EBD299300C0D62D /* LaunchScreen.storyboard in Resources */ = {isa = PBXBuildFile; fileRef = AEF45F2B1EBD299300C0D62D /* LaunchScreen.storyboard */; };
		AEF45F391EBD2EDF00C0D62D /* Thruster.sks in Resources */ = {isa = PBXBuildFile; fileRef = AEF45F381EBD2EDF00C0D62D /* Thruster.sks */; };
		AEF45F3B1EBDB84300C0D62D /* torpedo.mp3 in Resources */ = {isa = PBXBuildFile; fileRef = AEF45F3A1EBDB84300C0D62D /* torpedo.mp3 */; };
		AEF45F3D1EBDFECE00C0D62D /* explosion.mp3 in Resources */ = {isa = PBXBuildFile; fileRef = AEF45F3C1EBDFECE00C0D62D /* explosion.mp3 */; };
		AEF45F721EC2E9E900C0D62D /* Assets.xcassets in Resources */ = {isa = PBXBuildFile; fileRef = AEF45F711EC2E9E900C0D62D /* Assets.xcassets */; };
		AEF45F761EC4345F00C0D62D /* Aliens.swift in Sources */ = {isa = PBXBuildFile; fileRef = AEF45F751EC4345F00C0D62D /* Aliens.swift */; };
/* End PBXBuildFile section */

/* Begin PBXContainerItemProxy section */
		AEB7D2A51FA8D43C00B93A9D /* PBXContainerItemProxy */ = {
			isa = PBXContainerItemProxy;
			containerPortal = AEF45F111EBD299300C0D62D /* Project object */;
			proxyType = 1;
			remoteGlobalIDString = AEF45F181EBD299300C0D62D;
			remoteInfo = SoloSpace;
		};
/* End PBXContainerItemProxy section */

/* Begin PBXFileReference section */
		AE92C7A71EC7B51E0062330C /* StartScenen.sks */ = {isa = PBXFileReference; lastKnownFileType = file.sks; name = StartScenen.sks; path = SoloSpace/StartScenen.sks; sourceTree = "<group>"; };
		AE92C7AF1EC8574F0062330C /* Torpedo.swift */ = {isa = PBXFileReference; fileEncoding = 4; lastKnownFileType = sourcecode.swift; name = Torpedo.swift; path = SoloSpace/Torpedo.swift; sourceTree = "<group>"; };
		AE92C7B11EC991060062330C /* StartGameViewController.swift */ = {isa = PBXFileReference; fileEncoding = 4; lastKnownFileType = sourcecode.swift; path = StartGameViewController.swift; sourceTree = "<group>"; };
		AE92C7B21EC991060062330C /* StartScene.swift */ = {isa = PBXFileReference; fileEncoding = 4; lastKnownFileType = sourcecode.swift; path = StartScene.swift; sourceTree = "<group>"; };
		AE92C7DD1ECD6EE10062330C /* Player.swift */ = {isa = PBXFileReference; fileEncoding = 4; lastKnownFileType = sourcecode.swift; path = Player.swift; sourceTree = "<group>"; };
		AE92C7DF1ECD6FE70062330C /* Settings.swift */ = {isa = PBXFileReference; fileEncoding = 4; lastKnownFileType = sourcecode.swift; path = Settings.swift; sourceTree = "<group>"; };
		AE92C7E11ECD71760062330C /* Bombs.swift */ = {isa = PBXFileReference; fileEncoding = 4; lastKnownFileType = sourcecode.swift; path = Bombs.swift; sourceTree = "<group>"; };
		AE92C7E31ECD741C0062330C /* BombExplosion.sks */ = {isa = PBXFileReference; lastKnownFileType = file.sks; path = BombExplosion.sks; sourceTree = "<group>"; };
		AE9425C41F05741A0017A27C /* Laser_Shoot4.wav */ = {isa = PBXFileReference; lastKnownFileType = audio.wav; path = Laser_Shoot4.wav; sourceTree = "<group>"; };
		AE9FE241219DBE5500C74695 /* Starfield.sks */ = {isa = PBXFileReference; lastKnownFileType = file.sks; path = Starfield.sks; sourceTree = "<group>"; };
		AE9FE242219DBE5600C74695 /* Starfield2.sks */ = {isa = PBXFileReference; lastKnownFileType = file.sks; path = Starfield2.sks; sourceTree = "<group>"; };
		AE9FE243219DBE5600C74695 /* Explosion.sks */ = {isa = PBXFileReference; lastKnownFileType = file.sks; path = Explosion.sks; sourceTree = "<group>"; };
		AEB367911ED2116D004BA9D1 /* music.mp3 */ = {isa = PBXFileReference; lastKnownFileType = audio.mp3; path = music.mp3; sourceTree = "<group>"; };
		AEB367931ED21724004BA9D1 /* soloSpaceOst.mp3 */ = {isa = PBXFileReference; lastKnownFileType = audio.mp3; name = soloSpaceOst.mp3; path = SoloSpace/soloSpaceOst.mp3; sourceTree = "<group>"; };
		AEB367951ED2D3A6004BA9D1 /* GameData.swift */ = {isa = PBXFileReference; fileEncoding = 4; lastKnownFileType = sourcecode.swift; name = GameData.swift; path = SoloSpace/GameData.swift; sourceTree = "<group>"; };
		AEB7D2A01FA8D43B00B93A9D /* SoloSpaceTests.xctest */ = {isa = PBXFileReference; explicitFileType = wrapper.cfbundle; includeInIndex = 0; path = SoloSpaceTests.xctest; sourceTree = BUILT_PRODUCTS_DIR; };
		AEB7D2A21FA8D43C00B93A9D /* SoloSpaceTests.swift */ = {isa = PBXFileReference; lastKnownFileType = sourcecode.swift; path = SoloSpaceTests.swift; sourceTree = "<group>"; };
		AEB7D2A41FA8D43C00B93A9D /* Info.plist */ = {isa = PBXFileReference; lastKnownFileType = text.plist.xml; path = Info.plist; sourceTree = "<group>"; };
		AEC2977F1EE5859B004E7D47 /* pew.wav */ = {isa = PBXFileReference; lastKnownFileType = audio.wav; name = pew.wav; path = SoloSpace/pew.wav; sourceTree = "<group>"; };
		AEC297811EE58BD2004E7D47 /* pow.wav */ = {isa = PBXFileReference; lastKnownFileType = audio.wav; path = pow.wav; sourceTree = "<group>"; };
		AEC297821EE58BD2004E7D47 /* select.wav */ = {isa = PBXFileReference; lastKnownFileType = audio.wav; path = select.wav; sourceTree = "<group>"; };
		AEC297831EE58BD2004E7D47 /* exp.wav */ = {isa = PBXFileReference; lastKnownFileType = audio.wav; path = exp.wav; sourceTree = "<group>"; };
		AEF45F191EBD299300C0D62D /* SoloSpace.app */ = {isa = PBXFileReference; explicitFileType = wrapper.application; includeInIndex = 0; path = SoloSpace.app; sourceTree = BUILT_PRODUCTS_DIR; };
		AEF45F1C1EBD299300C0D62D /* AppDelegate.swift */ = {isa = PBXFileReference; lastKnownFileType = sourcecode.swift; name = AppDelegate.swift; path = SoloSpace/AppDelegate.swift; sourceTree = "<group>"; };
		AEF45F1E1EBD299300C0D62D /* GameScene.sks */ = {isa = PBXFileReference; lastKnownFileType = file.sks; name = GameScene.sks; path = SoloSpace/GameScene.sks; sourceTree = "<group>"; };
		AEF45F201EBD299300C0D62D /* Actions.sks */ = {isa = PBXFileReference; lastKnownFileType = file.sks; name = Actions.sks; path = SoloSpace/Actions.sks; sourceTree = "<group>"; };
		AEF45F221EBD299300C0D62D /* GameScene.swift */ = {isa = PBXFileReference; lastKnownFileType = sourcecode.swift; path = GameScene.swift; sourceTree = "<group>"; };
		AEF45F241EBD299300C0D62D /* GameViewController.swift */ = {isa = PBXFileReference; lastKnownFileType = sourcecode.swift; path = GameViewController.swift; sourceTree = "<group>"; };
		AEF45F271EBD299300C0D62D /* Base */ = {isa = PBXFileReference; lastKnownFileType = file.storyboard; name = Base; path = Base.lproj/Main.storyboard; sourceTree = "<group>"; };
		AEF45F2C1EBD299300C0D62D /* Base */ = {isa = PBXFileReference; lastKnownFileType = file.storyboard; name = Base; path = Base.lproj/LaunchScreen.storyboard; sourceTree = "<group>"; };
		AEF45F2E1EBD299300C0D62D /* Info.plist */ = {isa = PBXFileReference; lastKnownFileType = text.plist.xml; name = Info.plist; path = SoloSpace/Info.plist; sourceTree = "<group>"; };
		AEF45F381EBD2EDF00C0D62D /* Thruster.sks */ = {isa = PBXFileReference; lastKnownFileType = file.sks; name = Thruster.sks; path = SoloSpace/Thruster.sks; sourceTree = "<group>"; };
		AEF45F3A1EBDB84300C0D62D /* torpedo.mp3 */ = {isa = PBXFileReference; lastKnownFileType = audio.mp3; name = torpedo.mp3; path = SoloSpace/torpedo.mp3; sourceTree = "<group>"; };
		AEF45F3C1EBDFECE00C0D62D /* explosion.mp3 */ = {isa = PBXFileReference; lastKnownFileType = audio.mp3; name = explosion.mp3; path = SoloSpace/explosion.mp3; sourceTree = "<group>"; };
		AEF45F711EC2E9E900C0D62D /* Assets.xcassets */ = {isa = PBXFileReference; lastKnownFileType = folder.assetcatalog; name = Assets.xcassets; path = SoloSpace/Assets.xcassets; sourceTree = "<group>"; };
		AEF45F751EC4345F00C0D62D /* Aliens.swift */ = {isa = PBXFileReference; fileEncoding = 4; lastKnownFileType = sourcecode.swift; name = Aliens.swift; path = SoloSpace/Aliens.swift; sourceTree = "<group>"; };
/* End PBXFileReference section */

/* Begin PBXFrameworksBuildPhase section */
		AEB7D29D1FA8D43B00B93A9D /* Frameworks */ = {
			isa = PBXFrameworksBuildPhase;
			buildActionMask = 2147483647;
			files = (
			);
			runOnlyForDeploymentPostprocessing = 0;
		};
		AEF45F161EBD299300C0D62D /* Frameworks */ = {
			isa = PBXFrameworksBuildPhase;
			buildActionMask = 2147483647;
			files = (
			);
			runOnlyForDeploymentPostprocessing = 0;
		};
/* End PBXFrameworksBuildPhase section */

/* Begin PBXGroup section */
		AE92C7B71EC995170062330C /* Assets and Effects */ = {
			isa = PBXGroup;
			children = (
				AE9FE243219DBE5600C74695 /* Explosion.sks */,
				AE9FE241219DBE5500C74695 /* Starfield.sks */,
				AE9FE242219DBE5600C74695 /* Starfield2.sks */,
				AEF45F711EC2E9E900C0D62D /* Assets.xcassets */,
				AEF45F381EBD2EDF00C0D62D /* Thruster.sks */,
				AEF45F3C1EBDFECE00C0D62D /* explosion.mp3 */,
				AEC297811EE58BD2004E7D47 /* pow.wav */,
				AEC297821EE58BD2004E7D47 /* select.wav */,
				AE9425C41F05741A0017A27C /* Laser_Shoot4.wav */,
				AEC297831EE58BD2004E7D47 /* exp.wav */,
				AEC2977F1EE5859B004E7D47 /* pew.wav */,
				AEF45F3A1EBDB84300C0D62D /* torpedo.mp3 */,
				AEB367911ED2116D004BA9D1 /* music.mp3 */,
				AE92C7E31ECD741C0062330C /* BombExplosion.sks */,
				AEB367931ED21724004BA9D1 /* soloSpaceOst.mp3 */,
			);
			name = "Assets and Effects";
			sourceTree = "<group>";
		};
		AE92C7DB1ECD6E620062330C /* Pickups/items */ = {
			isa = PBXGroup;
			children = (
				AE92C7E11ECD71760062330C /* Bombs.swift */,
			);
			name = Pickups/items;
			sourceTree = "<group>";
		};
		AE92C7DC1ECD6E870062330C /* Player / Aliens / GameData */ = {
			isa = PBXGroup;
			children = (
				AE92C7DD1ECD6EE10062330C /* Player.swift */,
				AE92C7DF1ECD6FE70062330C /* Settings.swift */,
				AE92C7AF1EC8574F0062330C /* Torpedo.swift */,
				AEB367951ED2D3A6004BA9D1 /* GameData.swift */,
				AEF45F751EC4345F00C0D62D /* Aliens.swift */,
			);
			name = "Player / Aliens / GameData";
			sourceTree = "<group>";
		};
		AEB7D2A11FA8D43C00B93A9D /* SoloSpaceTests */ = {
			isa = PBXGroup;
			children = (
				AEB7D2A21FA8D43C00B93A9D /* SoloSpaceTests.swift */,
				AEB7D2A41FA8D43C00B93A9D /* Info.plist */,
			);
			path = SoloSpaceTests;
			sourceTree = "<group>";
		};
		AEC297731EE54232004E7D47 /* Never pressed */ = {
			isa = PBXGroup;
			children = (
				AEF45F1E1EBD299300C0D62D /* GameScene.sks */,
				AE92C7A71EC7B51E0062330C /* StartScenen.sks */,
				AEF45F261EBD299300C0D62D /* Main.storyboard */,
				AEF45F2B1EBD299300C0D62D /* LaunchScreen.storyboard */,
				AEF45F1C1EBD299300C0D62D /* AppDelegate.swift */,
				AEF45F201EBD299300C0D62D /* Actions.sks */,
				AEF45F2E1EBD299300C0D62D /* Info.plist */,
			);
			name = "Never pressed";
			sourceTree = "<group>";
		};
		AEF45F101EBD299300C0D62D = {
			isa = PBXGroup;
			children = (
				AE92C7DC1ECD6E870062330C /* Player / Aliens / GameData */,
				AEF45F1B1EBD299300C0D62D /* SoloSpace */,
				AE92C7DB1ECD6E620062330C /* Pickups/items */,
				AE92C7B71EC995170062330C /* Assets and Effects */,
				AEB7D2A11FA8D43C00B93A9D /* SoloSpaceTests */,
				AEF45F1A1EBD299300C0D62D /* Products */,
				AEC297731EE54232004E7D47 /* Never pressed */,
			);
			sourceTree = "<group>";
		};
		AEF45F1A1EBD299300C0D62D /* Products */ = {
			isa = PBXGroup;
			children = (
				AEF45F191EBD299300C0D62D /* SoloSpace.app */,
				AEB7D2A01FA8D43B00B93A9D /* SoloSpaceTests.xctest */,
			);
			name = Products;
			sourceTree = "<group>";
		};
		AEF45F1B1EBD299300C0D62D /* SoloSpace */ = {
			isa = PBXGroup;
			children = (
				AEF45F221EBD299300C0D62D /* GameScene.swift */,
				AE92C7B21EC991060062330C /* StartScene.swift */,
				AEF45F241EBD299300C0D62D /* GameViewController.swift */,
				AE92C7B11EC991060062330C /* StartGameViewController.swift */,
			);
			path = SoloSpace;
			sourceTree = "<group>";
		};
/* End PBXGroup section */

/* Begin PBXNativeTarget section */
		AEB7D29F1FA8D43B00B93A9D /* SoloSpaceTests */ = {
			isa = PBXNativeTarget;
			buildConfigurationList = AEB7D2A91FA8D43C00B93A9D /* Build configuration list for PBXNativeTarget "SoloSpaceTests" */;
			buildPhases = (
				AEB7D29C1FA8D43B00B93A9D /* Sources */,
				AEB7D29D1FA8D43B00B93A9D /* Frameworks */,
				AEB7D29E1FA8D43B00B93A9D /* Resources */,
			);
			buildRules = (
			);
			dependencies = (
				AEB7D2A61FA8D43C00B93A9D /* PBXTargetDependency */,
			);
			name = SoloSpaceTests;
			productName = SoloSpaceTests;
			productReference = AEB7D2A01FA8D43B00B93A9D /* SoloSpaceTests.xctest */;
			productType = "com.apple.product-type.bundle.unit-test";
		};
		AEF45F181EBD299300C0D62D /* SoloSpace */ = {
			isa = PBXNativeTarget;
			buildConfigurationList = AEF45F311EBD299300C0D62D /* Build configuration list for PBXNativeTarget "SoloSpace" */;
			buildPhases = (
				AEF45F151EBD299300C0D62D /* Sources */,
				AEF45F161EBD299300C0D62D /* Frameworks */,
				AEF45F171EBD299300C0D62D /* Resources */,
			);
			buildRules = (
			);
			dependencies = (
			);
			name = SoloSpace;
			productName = SoloSpace;
			productReference = AEF45F191EBD299300C0D62D /* SoloSpace.app */;
			productType = "com.apple.product-type.application";
		};
/* End PBXNativeTarget section */

/* Begin PBXProject section */
		AEF45F111EBD299300C0D62D /* Project object */ = {
			isa = PBXProject;
			attributes = {
				LastSwiftUpdateCheck = 0900;
				LastUpgradeCheck = 0830;
				ORGANIZATIONNAME = "Anders Vinblad";
				TargetAttributes = {
					AEB7D29F1FA8D43B00B93A9D = {
						CreatedOnToolsVersion = 9.0;
						DevelopmentTeam = YXVAR6P95T;
						ProvisioningStyle = Automatic;
						TestTargetID = AEF45F181EBD299300C0D62D;
					};
					AEF45F181EBD299300C0D62D = {
						CreatedOnToolsVersion = 8.3.2;
						DevelopmentTeam = YXVAR6P95T;
						ProvisioningStyle = Automatic;
					};
				};
			};
			buildConfigurationList = AEF45F141EBD299300C0D62D /* Build configuration list for PBXProject "SoloSpace" */;
			compatibilityVersion = "Xcode 3.2";
			developmentRegion = English;
			hasScannedForEncodings = 0;
			knownRegions = (
				en,
				Base,
			);
			mainGroup = AEF45F101EBD299300C0D62D;
			productRefGroup = AEF45F1A1EBD299300C0D62D /* Products */;
			projectDirPath = "";
			projectRoot = "";
			targets = (
				AEF45F181EBD299300C0D62D /* SoloSpace */,
				AEB7D29F1FA8D43B00B93A9D /* SoloSpaceTests */,
			);
		};
/* End PBXProject section */

/* Begin PBXResourcesBuildPhase section */
		AEB7D29E1FA8D43B00B93A9D /* Resources */ = {
			isa = PBXResourcesBuildPhase;
			buildActionMask = 2147483647;
			files = (
			);
			runOnlyForDeploymentPostprocessing = 0;
		};
		AEF45F171EBD299300C0D62D /* Resources */ = {
			isa = PBXResourcesBuildPhase;
			buildActionMask = 2147483647;
			files = (
				AE9FE244219DBE5600C74695 /* Starfield.sks in Resources */,
				AEC297841EE58BD2004E7D47 /* pow.wav in Resources */,
				AE9FE246219DBE5600C74695 /* Explosion.sks in Resources */,
				AEF45F281EBD299300C0D62D /* Main.storyboard in Resources */,
				AE9425C51F05741A0017A27C /* Laser_Shoot4.wav in Resources */,
				AEF45F721EC2E9E900C0D62D /* Assets.xcassets in Resources */,
				AEF45F391EBD2EDF00C0D62D /* Thruster.sks in Resources */,
				AE9FE245219DBE5600C74695 /* Starfield2.sks in Resources */,
				AEF45F1F1EBD299300C0D62D /* GameScene.sks in Resources */,
				AEC297861EE58BD2004E7D47 /* exp.wav in Resources */,
				AEF45F3D1EBDFECE00C0D62D /* explosion.mp3 in Resources */,
				AE92C7E41ECD741C0062330C /* BombExplosion.sks in Resources */,
				AEF45F2D1EBD299300C0D62D /* LaunchScreen.storyboard in Resources */,
				AEC297851EE58BD2004E7D47 /* select.wav in Resources */,
				AE92C7A81EC7B51E0062330C /* StartScenen.sks in Resources */,
				AEB367941ED21724004BA9D1 /* soloSpaceOst.mp3 in Resources */,
				AEF45F3B1EBDB84300C0D62D /* torpedo.mp3 in Resources */,
				AEB367921ED2116D004BA9D1 /* music.mp3 in Resources */,
				AEF45F211EBD299300C0D62D /* Actions.sks in Resources */,
				AEC297801EE5859B004E7D47 /* pew.wav in Resources */,
			);
			runOnlyForDeploymentPostprocessing = 0;
		};
/* End PBXResourcesBuildPhase section */

/* Begin PBXSourcesBuildPhase section */
		AEB7D29C1FA8D43B00B93A9D /* Sources */ = {
			isa = PBXSourcesBuildPhase;
			buildActionMask = 2147483647;
			files = (
				AEB7D2A31FA8D43C00B93A9D /* SoloSpaceTests.swift in Sources */,
				AEDAE3271FB066D700590489 /* Aliens.swift in Sources */,
			);
			runOnlyForDeploymentPostprocessing = 0;
		};
		AEF45F151EBD299300C0D62D /* Sources */ = {
			isa = PBXSourcesBuildPhase;
			buildActionMask = 2147483647;
			files = (
				AE92C7B41EC991060062330C /* StartGameViewController.swift in Sources */,
				AE92C7E21ECD71760062330C /* Bombs.swift in Sources */,
				AEF45F761EC4345F00C0D62D /* Aliens.swift in Sources */,
				AEF45F231EBD299300C0D62D /* GameScene.swift in Sources */,
				AEB367961ED2D3A6004BA9D1 /* GameData.swift in Sources */,
				AE92C7B01EC8574F0062330C /* Torpedo.swift in Sources */,
				AE92C7DE1ECD6EE10062330C /* Player.swift in Sources */,
				AEF45F251EBD299300C0D62D /* GameViewController.swift in Sources */,
				AE92C7E01ECD6FE70062330C /* Settings.swift in Sources */,
				AEF45F1D1EBD299300C0D62D /* AppDelegate.swift in Sources */,
				AE92C7B51EC991060062330C /* StartScene.swift in Sources */,
			);
			runOnlyForDeploymentPostprocessing = 0;
		};
/* End PBXSourcesBuildPhase section */

/* Begin PBXTargetDependency section */
		AEB7D2A61FA8D43C00B93A9D /* PBXTargetDependency */ = {
			isa = PBXTargetDependency;
			target = AEF45F181EBD299300C0D62D /* SoloSpace */;
			targetProxy = AEB7D2A51FA8D43C00B93A9D /* PBXContainerItemProxy */;
		};
/* End PBXTargetDependency section */

/* Begin PBXVariantGroup section */
		AEF45F261EBD299300C0D62D /* Main.storyboard */ = {
			isa = PBXVariantGroup;
			children = (
				AEF45F271EBD299300C0D62D /* Base */,
			);
			name = Main.storyboard;
			path = SoloSpace;
			sourceTree = "<group>";
		};
		AEF45F2B1EBD299300C0D62D /* LaunchScreen.storyboard */ = {
			isa = PBXVariantGroup;
			children = (
				AEF45F2C1EBD299300C0D62D /* Base */,
			);
			name = LaunchScreen.storyboard;
			path = SoloSpace;
			sourceTree = "<group>";
		};
/* End PBXVariantGroup section */

/* Begin XCBuildConfiguration section */
		AEB7D2A71FA8D43C00B93A9D /* Debug */ = {
			isa = XCBuildConfiguration;
			buildSettings = {
				BUNDLE_LOADER = "$(TEST_HOST)";
				CLANG_CXX_LANGUAGE_STANDARD = "gnu++14";
				CLANG_WARN_BLOCK_CAPTURE_AUTORELEASING = YES;
				CLANG_WARN_COMMA = YES;
				CLANG_WARN_NON_LITERAL_NULL_CONVERSION = YES;
				CLANG_WARN_OBJC_LITERAL_CONVERSION = YES;
				CLANG_WARN_RANGE_LOOP_ANALYSIS = YES;
				CLANG_WARN_STRICT_PROTOTYPES = YES;
				CLANG_WARN_UNGUARDED_AVAILABILITY = YES_AGGRESSIVE;
				CODE_SIGN_IDENTITY = "iPhone Developer";
				CODE_SIGN_STYLE = Automatic;
				DEVELOPMENT_TEAM = YXVAR6P95T;
				GCC_C_LANGUAGE_STANDARD = gnu11;
				INFOPLIST_FILE = SoloSpaceTests/Info.plist;
				IPHONEOS_DEPLOYMENT_TARGET = 11.0;
				LD_RUNPATH_SEARCH_PATHS = "$(inherited) @executable_path/Frameworks @loader_path/Frameworks";
				PRODUCT_BUNDLE_IDENTIFIER = AV.SoloSpaceTests;
				PRODUCT_NAME = "$(TARGET_NAME)";
				SWIFT_VERSION = 4.0;
				TARGETED_DEVICE_FAMILY = "1,2";
				TEST_HOST = "$(BUILT_PRODUCTS_DIR)/SoloSpace.app/SoloSpace";
			};
			name = Debug;
		};
		AEB7D2A81FA8D43C00B93A9D /* Release */ = {
			isa = XCBuildConfiguration;
			buildSettings = {
				BUNDLE_LOADER = "$(TEST_HOST)";
				CLANG_CXX_LANGUAGE_STANDARD = "gnu++14";
				CLANG_WARN_BLOCK_CAPTURE_AUTORELEASING = YES;
				CLANG_WARN_COMMA = YES;
				CLANG_WARN_NON_LITERAL_NULL_CONVERSION = YES;
				CLANG_WARN_OBJC_LITERAL_CONVERSION = YES;
				CLANG_WARN_RANGE_LOOP_ANALYSIS = YES;
				CLANG_WARN_STRICT_PROTOTYPES = YES;
				CLANG_WARN_UNGUARDED_AVAILABILITY = YES_AGGRESSIVE;
				CODE_SIGN_IDENTITY = "iPhone Developer";
				CODE_SIGN_STYLE = Automatic;
				DEVELOPMENT_TEAM = YXVAR6P95T;
				GCC_C_LANGUAGE_STANDARD = gnu11;
				INFOPLIST_FILE = SoloSpaceTests/Info.plist;
				IPHONEOS_DEPLOYMENT_TARGET = 11.0;
				LD_RUNPATH_SEARCH_PATHS = "$(inherited) @executable_path/Frameworks @loader_path/Frameworks";
				PRODUCT_BUNDLE_IDENTIFIER = AV.SoloSpaceTests;
				PRODUCT_NAME = "$(TARGET_NAME)";
				SWIFT_VERSION = 4.0;
				TARGETED_DEVICE_FAMILY = "1,2";
				TEST_HOST = "$(BUILT_PRODUCTS_DIR)/SoloSpace.app/SoloSpace";
			};
			name = Release;
		};
		AEF45F2F1EBD299300C0D62D /* Debug */ = {
			isa = XCBuildConfiguration;
			buildSettings = {
				ALWAYS_SEARCH_USER_PATHS = NO;
				CLANG_ANALYZER_NONNULL = YES;
				CLANG_ANALYZER_NUMBER_OBJECT_CONVERSION = YES_AGGRESSIVE;
				CLANG_CXX_LANGUAGE_STANDARD = "gnu++0x";
				CLANG_CXX_LIBRARY = "libc++";
				CLANG_ENABLE_MODULES = YES;
				CLANG_ENABLE_OBJC_ARC = YES;
				CLANG_WARN_BOOL_CONVERSION = YES;
				CLANG_WARN_CONSTANT_CONVERSION = YES;
				CLANG_WARN_DIRECT_OBJC_ISA_USAGE = YES_ERROR;
				CLANG_WARN_DOCUMENTATION_COMMENTS = YES;
				CLANG_WARN_EMPTY_BODY = YES;
				CLANG_WARN_ENUM_CONVERSION = YES;
				CLANG_WARN_INFINITE_RECURSION = YES;
				CLANG_WARN_INT_CONVERSION = YES;
				CLANG_WARN_OBJC_ROOT_CLASS = YES_ERROR;
				CLANG_WARN_SUSPICIOUS_MOVE = YES;
				CLANG_WARN_UNREACHABLE_CODE = YES;
				CLANG_WARN__DUPLICATE_METHOD_MATCH = YES;
				"CODE_SIGN_IDENTITY[sdk=iphoneos*]" = "iPhone Developer";
				COPY_PHASE_STRIP = NO;
				DEBUG_INFORMATION_FORMAT = dwarf;
				ENABLE_STRICT_OBJC_MSGSEND = YES;
				ENABLE_TESTABILITY = YES;
				GCC_C_LANGUAGE_STANDARD = gnu99;
				GCC_DYNAMIC_NO_PIC = NO;
				GCC_NO_COMMON_BLOCKS = YES;
				GCC_OPTIMIZATION_LEVEL = 0;
				GCC_PREPROCESSOR_DEFINITIONS = (
					"DEBUG=1",
					"$(inherited)",
				);
				GCC_WARN_64_TO_32_BIT_CONVERSION = YES;
				GCC_WARN_ABOUT_RETURN_TYPE = YES_ERROR;
				GCC_WARN_UNDECLARED_SELECTOR = YES;
				GCC_WARN_UNINITIALIZED_AUTOS = YES_AGGRESSIVE;
				GCC_WARN_UNUSED_FUNCTION = YES;
				GCC_WARN_UNUSED_VARIABLE = YES;
				IPHONEOS_DEPLOYMENT_TARGET = 10.3;
				MTL_ENABLE_DEBUG_INFO = YES;
				ONLY_ACTIVE_ARCH = YES;
				SDKROOT = iphoneos;
				SWIFT_ACTIVE_COMPILATION_CONDITIONS = DEBUG;
				SWIFT_OPTIMIZATION_LEVEL = "-Onone";
			};
			name = Debug;
		};
		AEF45F301EBD299300C0D62D /* Release */ = {
			isa = XCBuildConfiguration;
			buildSettings = {
				ALWAYS_SEARCH_USER_PATHS = NO;
				CLANG_ANALYZER_NONNULL = YES;
				CLANG_ANALYZER_NUMBER_OBJECT_CONVERSION = YES_AGGRESSIVE;
				CLANG_CXX_LANGUAGE_STANDARD = "gnu++0x";
				CLANG_CXX_LIBRARY = "libc++";
				CLANG_ENABLE_MODULES = YES;
				CLANG_ENABLE_OBJC_ARC = YES;
				CLANG_WARN_BOOL_CONVERSION = YES;
				CLANG_WARN_CONSTANT_CONVERSION = YES;
				CLANG_WARN_DIRECT_OBJC_ISA_USAGE = YES_ERROR;
				CLANG_WARN_DOCUMENTATION_COMMENTS = YES;
				CLANG_WARN_EMPTY_BODY = YES;
				CLANG_WARN_ENUM_CONVERSION = YES;
				CLANG_WARN_INFINITE_RECURSION = YES;
				CLANG_WARN_INT_CONVERSION = YES;
				CLANG_WARN_OBJC_ROOT_CLASS = YES_ERROR;
				CLANG_WARN_SUSPICIOUS_MOVE = YES;
				CLANG_WARN_UNREACHABLE_CODE = YES;
				CLANG_WARN__DUPLICATE_METHOD_MATCH = YES;
				"CODE_SIGN_IDENTITY[sdk=iphoneos*]" = "iPhone Developer";
				COPY_PHASE_STRIP = NO;
				DEBUG_INFORMATION_FORMAT = "dwarf-with-dsym";
				ENABLE_NS_ASSERTIONS = NO;
				ENABLE_STRICT_OBJC_MSGSEND = YES;
				GCC_C_LANGUAGE_STANDARD = gnu99;
				GCC_NO_COMMON_BLOCKS = YES;
				GCC_WARN_64_TO_32_BIT_CONVERSION = YES;
				GCC_WARN_ABOUT_RETURN_TYPE = YES_ERROR;
				GCC_WARN_UNDECLARED_SELECTOR = YES;
				GCC_WARN_UNINITIALIZED_AUTOS = YES_AGGRESSIVE;
				GCC_WARN_UNUSED_FUNCTION = YES;
				GCC_WARN_UNUSED_VARIABLE = YES;
				IPHONEOS_DEPLOYMENT_TARGET = 10.3;
				MTL_ENABLE_DEBUG_INFO = NO;
				SDKROOT = iphoneos;
				SWIFT_OPTIMIZATION_LEVEL = "-Owholemodule";
				VALIDATE_PRODUCT = YES;
			};
			name = Release;
		};
		AEF45F321EBD299300C0D62D /* Debug */ = {
			isa = XCBuildConfiguration;
			buildSettings = {
				ASSETCATALOG_COMPILER_APPICON_NAME = AppIcon;
				DEVELOPMENT_TEAM = YXVAR6P95T;
				INFOPLIST_FILE = SoloSpace/Info.plist;
				IPHONEOS_DEPLOYMENT_TARGET = 10.0;
				LD_RUNPATH_SEARCH_PATHS = "$(inherited) @executable_path/Frameworks";
				PRODUCT_BUNDLE_IDENTIFIER = AV.SoloSpace;
				PRODUCT_NAME = "$(TARGET_NAME)";
				SWIFT_VERSION = 3.0;
				TARGETED_DEVICE_FAMILY = 1;
			};
			name = Debug;
		};
		AEF45F331EBD299300C0D62D /* Release */ = {
			isa = XCBuildConfiguration;
			buildSettings = {
				ASSETCATALOG_COMPILER_APPICON_NAME = AppIcon;
				DEVELOPMENT_TEAM = YXVAR6P95T;
				INFOPLIST_FILE = SoloSpace/Info.plist;
				IPHONEOS_DEPLOYMENT_TARGET = 10.0;
				LD_RUNPATH_SEARCH_PATHS = "$(inherited) @executable_path/Frameworks";
				PRODUCT_BUNDLE_IDENTIFIER = AV.SoloSpace;
				PRODUCT_NAME = "$(TARGET_NAME)";
				SWIFT_VERSION = 3.0;
				TARGETED_DEVICE_FAMILY = 1;
			};
			name = Release;
		};
/* End XCBuildConfiguration section */

/* Begin XCConfigurationList section */
		AEB7D2A91FA8D43C00B93A9D /* Build configuration list for PBXNativeTarget "SoloSpaceTests" */ = {
			isa = XCConfigurationList;
			buildConfigurations = (
				AEB7D2A71FA8D43C00B93A9D /* Debug */,
				AEB7D2A81FA8D43C00B93A9D /* Release */,
			);
			defaultConfigurationIsVisible = 0;
			defaultConfigurationName = Release;
		};
		AEF45F141EBD299300C0D62D /* Build configuration list for PBXProject "SoloSpace" */ = {
			isa = XCConfigurationList;
			buildConfigurations = (
				AEF45F2F1EBD299300C0D62D /* Debug */,
				AEF45F301EBD299300C0D62D /* Release */,
			);
			defaultConfigurationIsVisible = 0;
			defaultConfigurationName = Release;
		};
		AEF45F311EBD299300C0D62D /* Build configuration list for PBXNativeTarget "SoloSpace" */ = {
			isa = XCConfigurationList;
			buildConfigurations = (
				AEF45F321EBD299300C0D62D /* Debug */,
				AEF45F331EBD299300C0D62D /* Release */,
			);
			defaultConfigurationIsVisible = 0;
			defaultConfigurationName = Release;
		};
/* End XCConfigurationList section */
	};
	rootObject = AEF45F111EBD299300C0D62D /* Project object */;
}
